
Microsoft Visual Studio Solution File, Format Version 12.00
# Visual Studio Version 17
VisualStudioVersion = 17.9.34622.214
MinimumVisualStudioVersion = 10.0.40219.1
Project("{FAE04EC0-301F-11D3-BF4B-00C04F79EFBC}") = "ImplementCopilot", "ImplementCopilot\ImplementCopilot.csproj", "{348C3344-37F3-4439-B524-D225FC3DF305}"
EndProject
Global
	GlobalSection(SolutionConfigurationPlatforms) = preSolution
		Debug|Any CPU = Debug|Any CPU
		Release|Any CPU = Release|Any CPU
	EndGlobalSection
	GlobalSection(ProjectConfigurationPlatforms) = postSolution
		{348C3344-37F3-4439-B524-D225FC3DF305}.Debug|Any CPU.ActiveCfg = Debug|Any CPU
		{348C3344-37F3-4439-B524-D225FC3DF305}.Debug|Any CPU.Build.0 = Debug|Any CPU
		{348C3344-37F3-4439-B524-D225FC3DF305}.Release|Any CPU.ActiveCfg = Release|Any CPU
		{348C3344-37F3-4439-B524-D225FC3DF305}.Release|Any CPU.Build.0 = Release|Any CPU
	EndGlobalSection
	GlobalSection(SolutionProperties) = preSolution
		HideSolutionNode = FALSE
	EndGlobalSection
	GlobalSection(ExtensibilityGlobals) = postSolution
		SolutionGuid = {8D3279C4-4F88-4A03-A7DF-47C1C344CE6A}
	EndGlobalSection
EndGlobal
